
Microsoft Visual Studio Solution File, Format Version 12.00
# Visual Studio Version 17
VisualStudioVersion = 17.2.32616.157
MinimumVisualStudioVersion = 10.0.40219.1
Project("{9A19103F-16F7-4668-BE54-9A1E7A4F7556}") = "WinAppMariaDBTest", "WinAppMariaDBTest\WinAppMariaDBTest.csproj", "{9765D92D-19B8-4BE2-ACA0-3C382BC4E312}"
EndProject
Global
	GlobalSection(SolutionConfigurationPlatforms) = preSolution
		Debug|Any CPU = Debug|Any CPU
		Release|Any CPU = Release|Any CPU
	EndGlobalSection
	GlobalSection(ProjectConfigurationPlatforms) = postSolution
		{9765D92D-19B8-4BE2-ACA0-3C382BC4E312}.Debug|Any CPU.ActiveCfg = Debug|Any CPU
		{9765D92D-19B8-4BE2-ACA0-3C382BC4E312}.Debug|Any CPU.Build.0 = Debug|Any CPU
		{9765D92D-19B8-4BE2-ACA0-3C382BC4E312}.Release|Any CPU.ActiveCfg = Release|Any CPU
		{9765D92D-19B8-4BE2-ACA0-3C382BC4E312}.Release|Any CPU.Build.0 = Release|Any CPU
	EndGlobalSection
	GlobalSection(SolutionProperties) = preSolution
		HideSolutionNode = FALSE
	EndGlobalSection
	GlobalSection(ExtensibilityGlobals) = postSolution
		SolutionGuid = {0DBA6ED6-53AC-484F-8999-CDDFD236E0E7}
	EndGlobalSection
EndGlobal
