
Microsoft Visual Studio Solution File, Format Version 12.00
# Visual Studio Version 17
VisualStudioVersion = 17.2.32616.157
MinimumVisualStudioVersion = 10.0.40219.1
Project("{E24C65DC-7377-472B-9ABA-BC803B73C61A}") = "TestWebForTjenesteNav", "TestWebForTjenesteNav\", "{013CE272-38EC-4A8E-B95D-8D3F0AB076A0}"
	ProjectSection(WebsiteProperties) = preProject
		TargetFrameworkMoniker = ".NETFramework,Version%3Dv4.8"
		Debug.AspNetCompiler.VirtualPath = "/localhost_53315"
		Debug.AspNetCompiler.PhysicalPath = "TestWebForTjenesteNav\"
		Debug.AspNetCompiler.TargetPath = "PrecompiledWeb\localhost_53315\"
		Debug.AspNetCompiler.Updateable = "true"
		Debug.AspNetCompiler.ForceOverwrite = "true"
		Debug.AspNetCompiler.FixedNames = "false"
		Debug.AspNetCompiler.Debug = "True"
		Release.AspNetCompiler.VirtualPath = "/localhost_53315"
		Release.AspNetCompiler.PhysicalPath = "TestWebForTjenesteNav\"
		Release.AspNetCompiler.TargetPath = "PrecompiledWeb\localhost_53315\"
		Release.AspNetCompiler.Updateable = "true"
		Release.AspNetCompiler.ForceOverwrite = "true"
		Release.AspNetCompiler.FixedNames = "false"
		Release.AspNetCompiler.Debug = "False"
		VWDPort = "53315"
		SlnRelativePath = "TestWebForTjenesteNav\"
		DefaultWebSiteLanguage = "Visual C#"
	EndProjectSection
EndProject
Global
	GlobalSection(SolutionConfigurationPlatforms) = preSolution
		Debug|Any CPU = Debug|Any CPU
	EndGlobalSection
	GlobalSection(ProjectConfigurationPlatforms) = postSolution
		{013CE272-38EC-4A8E-B95D-8D3F0AB076A0}.Debug|Any CPU.ActiveCfg = Debug|Any CPU
		{013CE272-38EC-4A8E-B95D-8D3F0AB076A0}.Debug|Any CPU.Build.0 = Debug|Any CPU
	EndGlobalSection
	GlobalSection(SolutionProperties) = preSolution
		HideSolutionNode = FALSE
	EndGlobalSection
	GlobalSection(ExtensibilityGlobals) = postSolution
		SolutionGuid = {B1C1466B-5545-4CE4-B097-69D99F32AC39}
	EndGlobalSection
EndGlobal
