
Microsoft Visual Studio Solution File, Format Version 12.00
# Visual Studio Version 17
VisualStudioVersion = 17.2.32616.157
MinimumVisualStudioVersion = 10.0.40219.1
Project("{FAE04EC0-301F-11D3-BF4B-00C04F79EFBC}") = "API_Tests", "API_Tests\API_Tests.csproj", "{8D9CCEC2-1259-407D-B227-6FE23FD62383}"
EndProject
Project("{FAE04EC0-301F-11D3-BF4B-00C04F79EFBC}") = "Database", "Database\Database.csproj", "{A058DFC8-28E8-44C6-8C6A-76ED0D4F71E0}"
EndProject
Global
	GlobalSection(SolutionConfigurationPlatforms) = preSolution
		Debug|Any CPU = Debug|Any CPU
		Release|Any CPU = Release|Any CPU
	EndGlobalSection
	GlobalSection(ProjectConfigurationPlatforms) = postSolution
		{8D9CCEC2-1259-407D-B227-6FE23FD62383}.Debug|Any CPU.ActiveCfg = Debug|Any CPU
		{8D9CCEC2-1259-407D-B227-6FE23FD62383}.Debug|Any CPU.Build.0 = Debug|Any CPU
		{8D9CCEC2-1259-407D-B227-6FE23FD62383}.Release|Any CPU.ActiveCfg = Release|Any CPU
		{8D9CCEC2-1259-407D-B227-6FE23FD62383}.Release|Any CPU.Build.0 = Release|Any CPU
		{A058DFC8-28E8-44C6-8C6A-76ED0D4F71E0}.Debug|Any CPU.ActiveCfg = Debug|Any CPU
		{A058DFC8-28E8-44C6-8C6A-76ED0D4F71E0}.Debug|Any CPU.Build.0 = Debug|Any CPU
		{A058DFC8-28E8-44C6-8C6A-76ED0D4F71E0}.Release|Any CPU.ActiveCfg = Release|Any CPU
		{A058DFC8-28E8-44C6-8C6A-76ED0D4F71E0}.Release|Any CPU.Build.0 = Release|Any CPU
	EndGlobalSection
	GlobalSection(SolutionProperties) = preSolution
		HideSolutionNode = FALSE
	EndGlobalSection
	GlobalSection(ExtensibilityGlobals) = postSolution
		SolutionGuid = {7FE4DFD7-B20F-4631-8258-55EECB34B50C}
	EndGlobalSection
EndGlobal
