
Microsoft Visual Studio Solution File, Format Version 12.00
# Visual Studio Version 17
VisualStudioVersion = 17.2.32616.157
MinimumVisualStudioVersion = 10.0.40219.1
Project("{9A19103F-16F7-4668-BE54-9A1E7A4F7556}") = "NHNGlobalConnectData", "NHNGlobalConnectData\NHNGlobalConnectData.csproj", "{7EB00C23-5A3B-4377-B90C-1ED965959835}"
EndProject
Project("{9A19103F-16F7-4668-BE54-9A1E7A4F7556}") = "GlobalConnectDataDB", "GlobalConnectDataDB\GlobalConnectDataDB.csproj", "{E4C04CCE-AB55-4FD2-8D82-98DD48749759}"
EndProject
Project("{FAE04EC0-301F-11D3-BF4B-00C04F79EFBC}") = "GCDataTests", "GCDataTests\GCDataTests.csproj", "{58D35221-2FF1-4617-B951-A67F01E8DEEE}"
EndProject
Global
	GlobalSection(SolutionConfigurationPlatforms) = preSolution
		Debug|Any CPU = Debug|Any CPU
		Release|Any CPU = Release|Any CPU
	EndGlobalSection
	GlobalSection(ProjectConfigurationPlatforms) = postSolution
		{7EB00C23-5A3B-4377-B90C-1ED965959835}.Debug|Any CPU.ActiveCfg = Debug|Any CPU
		{7EB00C23-5A3B-4377-B90C-1ED965959835}.Debug|Any CPU.Build.0 = Debug|Any CPU
		{7EB00C23-5A3B-4377-B90C-1ED965959835}.Release|Any CPU.ActiveCfg = Release|Any CPU
		{7EB00C23-5A3B-4377-B90C-1ED965959835}.Release|Any CPU.Build.0 = Release|Any CPU
		{E4C04CCE-AB55-4FD2-8D82-98DD48749759}.Debug|Any CPU.ActiveCfg = Debug|Any CPU
		{E4C04CCE-AB55-4FD2-8D82-98DD48749759}.Debug|Any CPU.Build.0 = Debug|Any CPU
		{E4C04CCE-AB55-4FD2-8D82-98DD48749759}.Release|Any CPU.ActiveCfg = Release|Any CPU
		{E4C04CCE-AB55-4FD2-8D82-98DD48749759}.Release|Any CPU.Build.0 = Release|Any CPU
		{58D35221-2FF1-4617-B951-A67F01E8DEEE}.Debug|Any CPU.ActiveCfg = Debug|Any CPU
		{58D35221-2FF1-4617-B951-A67F01E8DEEE}.Debug|Any CPU.Build.0 = Debug|Any CPU
		{58D35221-2FF1-4617-B951-A67F01E8DEEE}.Release|Any CPU.ActiveCfg = Release|Any CPU
		{58D35221-2FF1-4617-B951-A67F01E8DEEE}.Release|Any CPU.Build.0 = Release|Any CPU
	EndGlobalSection
	GlobalSection(SolutionProperties) = preSolution
		HideSolutionNode = FALSE
	EndGlobalSection
	GlobalSection(ExtensibilityGlobals) = postSolution
		SolutionGuid = {CA9D7246-4089-4269-9DBE-7E6C171D4D8B}
	EndGlobalSection
EndGlobal
